<?xml version="1.0" encoding="utf-8"?>
<Project ToolsVersion="4.0" xmlns="http://schemas.microsoft.com/developer/msbuild/2003">
  <ItemGroup>
    <Filter Include="source">
      <UniqueIdentifier>{4FC737F1-C7A5-4376-A066-2A32D752A2FF}</UniqueIdentifier>
      <Extensions>cpp;c;cc;cxx;c++;cppm;ixx;def;odl;idl;hpj;bat;asm;asmx</Extensions>
    </Filter>
    <Filter Include="source\section_01">
      <UniqueIdentifier>{1e1d801d-468f-476d-a17f-69b827217d0f}</UniqueIdentifier>
    </Filter>
    <Filter Include="source\section_02">
      <UniqueIdentifier>{696396e5-7dde-490f-96c0-fc6cc7fe174f}</UniqueIdentifier>
    </Filter>
    <Filter Include="source\section_03">
      <UniqueIdentifier>{5c4ef79a-d2a8-4eee-acc5-b60a04550280}</UniqueIdentifier>
    </Filter>
    <Filter Include="source\section_04">
      <UniqueIdentifier>{3ffb0dd6-53b7-4aea-ab51-908d3dc9d8a8}</UniqueIdentifier>
    </Filter>
    <Filter Include="source\section_05">
      <UniqueIdentifier>{3b43cf1e-2406-447d-b554-eed535a41930}</UniqueIdentifier>
    </Filter>
    <Filter Include="source\section_06">
      <UniqueIdentifier>{ae16bbe4-bda7-4e34-a1d7-e85c87a9fa83}</UniqueIdentifier>
    </Filter>
    <Filter Include="source\section_07">
      <UniqueIdentifier>{7b53d4f1-e958-4293-a5ab-e0fa94febe31}</UniqueIdentifier>
    </Filter>
    <Filter Include="source\section_08">
      <UniqueIdentifier>{d00ad444-020f-427a-b155-8a09885556ba}</UniqueIdentifier>
    </Filter>
    <Filter Include="source\section_09">
      <UniqueIdentifier>{f2af76d1-c18f-47d5-8a1e-461785711d09}</UniqueIdentifier>
    </Filter>
    <Filter Include="source\section_10">
      <UniqueIdentifier>{389c8303-d865-4645-b944-69cb2b22d4f6}</UniqueIdentifier>
    </Filter>
    <Filter Include="source\section_11">
      <UniqueIdentifier>{d7a68503-b1c1-494a-a5b8-d19de6a62a5a}</UniqueIdentifier>
    </Filter>
    <Filter Include="source\section_12">
      <UniqueIdentifier>{0b9e01d5-9f39-4ab8-8ee3-c52b98b37470}</UniqueIdentifier>
    </Filter>
    <Filter Include="source\section_13">
      <UniqueIdentifier>{0dba9182-c0f0-4774-b77a-f820ec5155c2}</UniqueIdentifier>
    </Filter>
    <Filter Include="source\section_14">
      <UniqueIdentifier>{7db1a3bd-9e1c-430c-9e2f-320c01c3b57e}</UniqueIdentifier>
    </Filter>
    <Filter Include="source\section_15">
      <UniqueIdentifier>{8d5d1abc-6e51-4f47-9832-475f04df49a2}</UniqueIdentifier>
    </Filter>
    <Filter Include="source\section_16">
      <UniqueIdentifier>{36be1887-c170-4e7f-a542-3b11485a62a8}</UniqueIdentifier>
    </Filter>
    <Filter Include="source\section_17">
      <UniqueIdentifier>{2ea666c0-4c93-4c40-9f21-4d8d171e7476}</UniqueIdentifier>
    </Filter>
    <Filter Include="source\section_18">
      <UniqueIdentifier>{955badff-084b-43c5-9304-39cb36df585c}</UniqueIdentifier>
    </Filter>
  </ItemGroup>
  <ItemGroup>
    <None Include="..\source\section_01\general_overview.pdf">
      <Filter>source\section_01</Filter>
    </None>
    <None Include="..\source\section_03\advanced_expressions.drawio">
      <Filter>source\section_03</Filter>
    </None>
    <None Include="..\source\section_03\virtual_tables.drawio">
      <Filter>source\section_03</Filter>
    </None>
    <None Include="..\source\section_07\build_stages.drawio">
      <Filter>source\section_07</Filter>
    </None>
    <None Include="..\source\section_10\process_memory.drawio">
      <Filter>source\section_10</Filter>
    </None>
    <None Include="..\source\section_11\circular_buffer.drawio">
      <Filter>source\section_11</Filter>
    </None>
    <None Include="..\source\section_11\container_memory.drawio">
      <Filter>source\section_11</Filter>
    </None>
    <None Include="..\source\section_11\hash_table_basics.drawio">
      <Filter>source\section_11</Filter>
    </None>
    <None Include="..\source\section_11\red_black_trees.drawio">
      <Filter>source\section_11</Filter>
    </None>
  </ItemGroup>
  <ItemGroup>
    <ClCompile Include="..\source\section_01\industrial_main.cpp">
      <Filter>source\section_01</Filter>
    </ClCompile>
    <ClCompile Include="..\source\section_01\minimal_program.cpp">
      <Filter>source\section_01</Filter>
    </ClCompile>
    <ClCompile Include="..\source\section_01\standard_library.cpp">
      <Filter>source\section_01</Filter>
    </ClCompile>
    <ClCompile Include="..\source\section_02\container_vector.cpp">
      <Filter>source\section_02</Filter>
    </ClCompile>
    <ClCompile Include="..\source\section_02\dynamic_arrays.cpp">
      <Filter>source\section_02</Filter>
    </ClCompile>
    <ClCompile Include="..\source\section_02\function_basics.cpp">
      <Filter>source\section_02</Filter>
    </ClCompile>
    <ClCompile Include="..\source\section_02\iteration_basics.cpp">
      <Filter>source\section_02</Filter>
    </ClCompile>
    <ClCompile Include="..\source\section_02\lvalue_references.cpp">
      <Filter>source\section_02</Filter>
    </ClCompile>
    <ClCompile Include="..\source\section_02\operator_basics.cpp">
      <Filter>source\section_02</Filter>
    </ClCompile>
    <ClCompile Include="..\source\section_02\pointer_basics.cpp">
      <Filter>source\section_02</Filter>
    </ClCompile>
    <ClCompile Include="..\source\section_02\selection_basics.cpp">
      <Filter>source\section_02</Filter>
    </ClCompile>
    <ClCompile Include="..\source\section_02\static_arrays.cpp">
      <Filter>source\section_02</Filter>
    </ClCompile>
    <ClCompile Include="..\source\section_02\variable_basics.cpp">
      <Filter>source\section_02</Filter>
    </ClCompile>
    <ClCompile Include="..\source\section_03\class_basics.cpp">
      <Filter>source\section_03</Filter>
    </ClCompile>
    <ClCompile Include="..\source\section_03\friendship_basics.cpp">
      <Filter>source\section_03</Filter>
    </ClCompile>
    <ClCompile Include="..\source\section_03\class_hierarchies.cpp">
      <Filter>source\section_03</Filter>
    </ClCompile>
    <ClCompile Include="..\source\section_03\class_optimizations.cpp">
      <Filter>source\section_03</Filter>
    </ClCompile>
    <ClCompile Include="..\source\section_03\multiple_inheritance.cpp">
      <Filter>source\section_03</Filter>
    </ClCompile>
    <ClCompile Include="..\source\section_03\operator_overloading.cpp">
      <Filter>source\section_03</Filter>
    </ClCompile>
    <ClCompile Include="..\source\section_03\overload_resolution.cpp">
      <Filter>source\section_03</Filter>
    </ClCompile>
    <ClCompile Include="..\source\section_03\rvalue_references.cpp">
      <Filter>source\section_03</Filter>
    </ClCompile>
    <ClCompile Include="..\source\section_03\special_functions.cpp">
      <Filter>source\section_03</Filter>
    </ClCompile>
    <ClCompile Include="..\source\section_03\structure_basics.cpp">
      <Filter>source\section_03</Filter>
    </ClCompile>
    <ClCompile Include="..\source\section_03\types_identification.cpp">
      <Filter>source\section_03</Filter>
    </ClCompile>
    <ClCompile Include="..\source\section_03\virtual_functions.cpp">
      <Filter>source\section_03</Filter>
    </ClCompile>
    <ClCompile Include="..\source\section_04\class_templates.cpp">
      <Filter>source\section_04</Filter>
    </ClCompile>
    <ClCompile Include="..\source\section_04\constexpr_basics.cpp">
      <Filter>source\section_04</Filter>
    </ClCompile>
    <ClCompile Include="..\source\section_04\function_templates.cpp">
      <Filter>source\section_04</Filter>
    </ClCompile>
    <ClCompile Include="..\source\section_04\hybrid_durations.cpp">
      <Filter>source\section_04</Filter>
    </ClCompile>
    <ClCompile Include="..\source\section_04\metaprogramming.cpp">
      <Filter>source\section_04</Filter>
    </ClCompile>
    <ClCompile Include="..\source\section_04\special_templates.cpp">
      <Filter>source\section_04</Filter>
    </ClCompile>
    <ClCompile Include="..\source\section_04\template_friends.cpp">
      <Filter>source\section_04</Filter>
    </ClCompile>
    <ClCompile Include="..\source\section_04\variadic_templates.cpp">
      <Filter>source\section_04</Filter>
    </ClCompile>
    <ClCompile Include="..\source\section_05\crtp_basics.cpp">
      <Filter>source\section_05</Filter>
    </ClCompile>
    <ClCompile Include="..\source\section_05\crtp_counter.cpp">
      <Filter>source\section_05</Filter>
    </ClCompile>
    <ClCompile Include="..\source\section_05\crtp_operators.cpp">
      <Filter>source\section_05</Filter>
    </ClCompile>
    <ClCompile Include="..\source\section_05\mixin_basics.cpp">
      <Filter>source\section_05</Filter>
    </ClCompile>
    <ClCompile Include="..\source\section_05\mixin_initializer.cpp">
      <Filter>source\section_05</Filter>
    </ClCompile>
    <ClCompile Include="..\source\section_05\pattern_adapter.cpp">
      <Filter>source\section_05</Filter>
    </ClCompile>
    <ClCompile Include="..\source\section_05\pattern_bridge.cpp">
      <Filter>source\section_05</Filter>
    </ClCompile>
    <ClCompile Include="..\source\section_05\pattern_builder.cpp">
      <Filter>source\section_05</Filter>
    </ClCompile>
    <ClCompile Include="..\source\section_05\pattern_composite.cpp">
      <Filter>source\section_05</Filter>
    </ClCompile>
    <ClCompile Include="..\source\section_05\pattern_decorator.cpp">
      <Filter>source\section_05</Filter>
    </ClCompile>
    <ClCompile Include="..\source\section_05\pattern_factory.cpp">
      <Filter>source\section_05</Filter>
    </ClCompile>
    <ClCompile Include="..\source\section_05\pattern_observer.cpp">
      <Filter>source\section_05</Filter>
    </ClCompile>
    <ClCompile Include="..\source\section_05\pattern_prototype.cpp">
      <Filter>source\section_05</Filter>
    </ClCompile>
    <ClCompile Include="..\source\section_05\pattern_singleton.cpp">
      <Filter>source\section_05</Filter>
    </ClCompile>
    <ClCompile Include="..\source\section_05\pattern_state.cpp">
      <Filter>source\section_05</Filter>
    </ClCompile>
    <ClCompile Include="..\source\section_05\pattern_strategy.cpp">
      <Filter>source\section_05</Filter>
    </ClCompile>
    <ClCompile Include="..\source\section_05\pattern_template.cpp">
      <Filter>source\section_05</Filter>
    </ClCompile>
    <ClCompile Include="..\source\section_05\polymorphism.cpp">
      <Filter>source\section_05</Filter>
    </ClCompile>
    <ClCompile Include="..\source\section_05\spaceship_operator.cpp">
      <Filter>source\section_05</Filter>
    </ClCompile>
    <ClCompile Include="..\source\section_05\variadic_bases.cpp">
      <Filter>source\section_05</Filter>
    </ClCompile>
    <ClCompile Include="..\source\section_18\inline_assembler.cpp">
      <Filter>source\section_18</Filter>
    </ClCompile>
    <ClCompile Include="..\source\section_02\combined_sorting.cpp">
      <Filter>source\section_02</Filter>
    </ClCompile>
    <ClCompile Include="..\source\section_02\bracket_sequences.cpp">
      <Filter>source\section_02</Filter>
    </ClCompile>
    <ClCompile Include="..\source\section_03\associative_links.cpp">
      <Filter>source\section_03</Filter>
    </ClCompile>
    <ClCompile Include="..\source\section_02\optimized_search.cpp">
      <Filter>source\section_02</Filter>
    </ClCompile>
    <ClCompile Include="..\source\section_06\types_inference.cpp">
      <Filter>source\section_06</Filter>
    </ClCompile>
    <ClCompile Include="..\source\section_07\libraries_test.cpp">
      <Filter>source\section_07</Filter>
    </ClCompile>
    <ClCompile Include="..\source\section_07\pimpl_idiom.cpp">
      <Filter>source\section_07</Filter>
    </ClCompile>
    <ClCompile Include="..\source\section_07\project_main.cpp">
      <Filter>source\section_07</Filter>
    </ClCompile>
    <ClCompile Include="..\source\section_07\project_module.cpp">
      <Filter>source\section_07</Filter>
    </ClCompile>
    <ClCompile Include="..\source\section_07\project_module.ixx">
      <Filter>source\section_07</Filter>
    </ClCompile>
    <ClCompile Include="..\source\section_07\project_source.cpp">
      <Filter>source\section_07</Filter>
    </ClCompile>
    <ClCompile Include="..\source\section_08\custom_logger.cpp">
      <Filter>source\section_08</Filter>
    </ClCompile>
    <ClCompile Include="..\source\section_08\errors_handling.cpp">
      <Filter>source\section_08</Filter>
    </ClCompile>
    <ClCompile Include="..\source\section_08\exception_basics.cpp">
      <Filter>source\section_08</Filter>
    </ClCompile>
    <ClCompile Include="..\source\section_08\heap_snapshots.cpp">
      <Filter>source\section_08</Filter>
    </ClCompile>
    <ClCompile Include="..\source\section_08\logger_examples.cpp">
      <Filter>source\section_08</Filter>
    </ClCompile>
    <ClCompile Include="..\source\section_08\optional_basics.cpp">
      <Filter>source\section_08</Filter>
    </ClCompile>
    <ClCompile Include="..\source\section_08\processor_usage.cpp">
      <Filter>source\section_08</Filter>
    </ClCompile>
    <ClCompile Include="..\source\section_08\stack_interface.cpp">
      <Filter>source\section_08</Filter>
    </ClCompile>
    <ClCompile Include="..\source\section_08\union_basics.cpp">
      <Filter>source\section_08</Filter>
    </ClCompile>
    <ClCompile Include="..\source\section_08\variant_basics.cpp">
      <Filter>source\section_08</Filter>
    </ClCompile>
    <ClCompile Include="..\source\section_09\advanced_constants.cpp">
      <Filter>source\section_09</Filter>
    </ClCompile>
    <ClCompile Include="..\source\section_09\advanced_literals.cpp">
      <Filter>source\section_09</Filter>
    </ClCompile>
    <ClCompile Include="..\source\section_09\bitwise_operations.cpp">
      <Filter>source\section_09</Filter>
    </ClCompile>
    <ClCompile Include="..\source\section_09\calendar_time_zones.cpp">
      <Filter>source\section_09</Filter>
    </ClCompile>
    <ClCompile Include="..\source\section_09\chrono_management.cpp">
      <Filter>source\section_09</Filter>
    </ClCompile>
    <ClCompile Include="..\source\section_09\floating_point_types.cpp">
      <Filter>source\section_09</Filter>
    </ClCompile>
    <ClCompile Include="..\source\section_09\random_generation.cpp">
      <Filter>source\section_09</Filter>
    </ClCompile>
    <ClCompile Include="..\source\section_09\smsd_driver_test.cpp">
      <Filter>source\section_09</Filter>
    </ClCompile>
    <ClCompile Include="..\source\section_10\bad_allocations.cpp">
      <Filter>source\section_10</Filter>
    </ClCompile>
    <ClCompile Include="..\source\section_10\data_alignment.cpp">
      <Filter>source\section_10</Filter>
    </ClCompile>
    <ClCompile Include="..\source\section_10\iterator_basics.cpp">
      <Filter>source\section_10</Filter>
    </ClCompile>
    <ClCompile Include="..\source\section_10\iterator_facade.cpp">
      <Filter>source\section_10</Filter>
    </ClCompile>
    <ClCompile Include="..\source\section_10\pattern_facade.cpp">
      <Filter>source\section_10</Filter>
    </ClCompile>
    <ClCompile Include="..\source\section_10\pattern_iterator.cpp">
      <Filter>source\section_10</Filter>
    </ClCompile>
    <ClCompile Include="..\source\section_10\placement_new.cpp">
      <Filter>source\section_10</Filter>
    </ClCompile>
    <ClCompile Include="..\source\section_10\shared_from_this.cpp">
      <Filter>source\section_10</Filter>
    </ClCompile>
    <ClCompile Include="..\source\section_10\smart_pointers.cpp">
      <Filter>source\section_10</Filter>
    </ClCompile>
    <ClCompile Include="..\source\section_11\circular_buffer.cpp">
      <Filter>source\section_11</Filter>
    </ClCompile>
    <ClCompile Include="..\source\section_11\container_adaptors.cpp">
      <Filter>source\section_11</Filter>
    </ClCompile>
    <ClCompile Include="..\source\section_11\container_basics.cpp">
      <Filter>source\section_11</Filter>
    </ClCompile>
    <ClCompile Include="..\source\section_11\container_lists.cpp">
      <Filter>source\section_11</Filter>
    </ClCompile>
    <ClCompile Include="..\source\section_11\container_trees.cpp">
      <Filter>source\section_11</Filter>
    </ClCompile>
    <ClCompile Include="..\source\section_11\custom_hash_equal.cpp">
      <Filter>source\section_11</Filter>
    </ClCompile>
    <ClCompile Include="..\source\section_11\hash_functions.cpp">
      <Filter>source\section_11</Filter>
    </ClCompile>
    <ClCompile Include="..\source\section_11\hash_table_basics.cpp">
      <Filter>source\section_11</Filter>
    </ClCompile>
    <ClCompile Include="..\source\section_11\multidimensionals.cpp">
      <Filter>source\section_11</Filter>
    </ClCompile>
    <ClCompile Include="..\source\section_11\multiple_interfaces.cpp">
      <Filter>source\section_11</Filter>
    </ClCompile>
    <ClCompile Include="..\source\section_11\vector_bool_proxy.cpp">
      <Filter>source\section_11</Filter>
    </ClCompile>
    <ClCompile Include="..\source\section_12\function_objects.cpp">
      <Filter>source\section_12</Filter>
    </ClCompile>
    <ClCompile Include="..\source\section_12\function_pointers.cpp">
      <Filter>source\section_12</Filter>
    </ClCompile>
    <ClCompile Include="..\source\section_04\variadic_traverse.cpp">
      <Filter>source\section_04</Filter>
    </ClCompile>
    <ClCompile Include="..\source\section_12\lambda_functions.cpp">
      <Filter>source\section_12</Filter>
    </ClCompile>
    <ClCompile Include="..\source\section_12\standard_algorithms.cpp">
      <Filter>source\section_12</Filter>
    </ClCompile>
  </ItemGroup>
  <ItemGroup>
    <Image Include="..\source\section_03\advanced_expressions.png">
      <Filter>source\section_03</Filter>
    </Image>
    <Image Include="..\source\section_03\virtual_tables.png">
      <Filter>source\section_03</Filter>
    </Image>
    <Image Include="..\source\section_07\build_stages.png">
      <Filter>source\section_07</Filter>
    </Image>
    <Image Include="..\source\section_10\process_memory.png">
      <Filter>source\section_10</Filter>
    </Image>
    <Image Include="..\source\section_11\circular_buffer.png">
      <Filter>source\section_11</Filter>
    </Image>
    <Image Include="..\source\section_11\container_memory.png">
      <Filter>source\section_11</Filter>
    </Image>
    <Image Include="..\source\section_11\hash_table_basics.png">
      <Filter>source\section_11</Filter>
    </Image>
    <Image Include="..\source\section_11\red_black_trees.png">
      <Filter>source\section_11</Filter>
    </Image>
  </ItemGroup>
  <ItemGroup>
    <ClInclude Include="..\source\section_07\project_header.hpp">
      <Filter>source\section_07</Filter>
    </ClInclude>
    <ClInclude Include="..\source\section_08\custom_logger.hpp">
      <Filter>source\section_08</Filter>
    </ClInclude>
  </ItemGroup>
</Project>