<?xml version="1.0" encoding="utf-8"?>
<Project ToolsVersion="4.0" xmlns="http://schemas.microsoft.com/developer/msbuild/2003">
  <ItemGroup>
    <Filter Include="examples">
      <UniqueIdentifier>{4FC737F1-C7A5-4376-A066-2A32D752A2FF}</UniqueIdentifier>
      <Extensions>cpp;c;cc;cxx;c++;cppm;ixx;def;odl;idl;hpj;bat;asm;asmx</Extensions>
    </Filter>
    <Filter Include="examples\section_01">
      <UniqueIdentifier>{1e1d801d-468f-476d-a17f-69b827217d0f}</UniqueIdentifier>
    </Filter>
    <Filter Include="examples\section_02">
      <UniqueIdentifier>{696396e5-7dde-490f-96c0-fc6cc7fe174f}</UniqueIdentifier>
    </Filter>
    <Filter Include="examples\section_03">
      <UniqueIdentifier>{5c4ef79a-d2a8-4eee-acc5-b60a04550280}</UniqueIdentifier>
    </Filter>
    <Filter Include="examples\section_04">
      <UniqueIdentifier>{3ffb0dd6-53b7-4aea-ab51-908d3dc9d8a8}</UniqueIdentifier>
    </Filter>
    <Filter Include="examples\section_05">
      <UniqueIdentifier>{3b43cf1e-2406-447d-b554-eed535a41930}</UniqueIdentifier>
    </Filter>
    <Filter Include="examples\section_06">
      <UniqueIdentifier>{ae16bbe4-bda7-4e34-a1d7-e85c87a9fa83}</UniqueIdentifier>
    </Filter>
    <Filter Include="examples\section_07">
      <UniqueIdentifier>{7b53d4f1-e958-4293-a5ab-e0fa94febe31}</UniqueIdentifier>
    </Filter>
    <Filter Include="examples\section_08">
      <UniqueIdentifier>{d00ad444-020f-427a-b155-8a09885556ba}</UniqueIdentifier>
    </Filter>
    <Filter Include="examples\section_09">
      <UniqueIdentifier>{f2af76d1-c18f-47d5-8a1e-461785711d09}</UniqueIdentifier>
    </Filter>
    <Filter Include="examples\section_10">
      <UniqueIdentifier>{389c8303-d865-4645-b944-69cb2b22d4f6}</UniqueIdentifier>
    </Filter>
    <Filter Include="examples\section_11">
      <UniqueIdentifier>{d7a68503-b1c1-494a-a5b8-d19de6a62a5a}</UniqueIdentifier>
    </Filter>
    <Filter Include="examples\section_12">
      <UniqueIdentifier>{0b9e01d5-9f39-4ab8-8ee3-c52b98b37470}</UniqueIdentifier>
    </Filter>
    <Filter Include="examples\section_13">
      <UniqueIdentifier>{0dba9182-c0f0-4774-b77a-f820ec5155c2}</UniqueIdentifier>
    </Filter>
    <Filter Include="examples\section_14">
      <UniqueIdentifier>{7db1a3bd-9e1c-430c-9e2f-320c01c3b57e}</UniqueIdentifier>
    </Filter>
    <Filter Include="examples\section_15">
      <UniqueIdentifier>{8d5d1abc-6e51-4f47-9832-475f04df49a2}</UniqueIdentifier>
    </Filter>
    <Filter Include="examples\section_16">
      <UniqueIdentifier>{36be1887-c170-4e7f-a542-3b11485a62a8}</UniqueIdentifier>
    </Filter>
    <Filter Include="examples\section_17">
      <UniqueIdentifier>{2ea666c0-4c93-4c40-9f21-4d8d171e7476}</UniqueIdentifier>
    </Filter>
    <Filter Include="examples\section_18">
      <UniqueIdentifier>{955badff-084b-43c5-9304-39cb36df585c}</UniqueIdentifier>
    </Filter>
    <Filter Include="examples\section_19">
      <UniqueIdentifier>{3218670e-90f6-488e-bd97-1f6a065a3242}</UniqueIdentifier>
    </Filter>
    <Filter Include="examples\section_20">
      <UniqueIdentifier>{574b9950-23d1-4f25-8fd5-f3592b2fd924}</UniqueIdentifier>
    </Filter>
  </ItemGroup>
  <ItemGroup>
    <ClCompile Include="section_01\minimal_program.cpp">
      <Filter>examples\section_01</Filter>
    </ClCompile>
    <ClCompile Include="section_01\standard_library.cpp">
      <Filter>examples\section_01</Filter>
    </ClCompile>
    <ClCompile Include="section_01\industrial_main.cpp">
      <Filter>examples\section_01</Filter>
    </ClCompile>
    <ClCompile Include="section_02\static_arrays.cpp">
      <Filter>examples\section_02</Filter>
    </ClCompile>
    <ClCompile Include="section_02\function_basics.cpp">
      <Filter>examples\section_02</Filter>
    </ClCompile>
    <ClCompile Include="section_02\variable_basics.cpp">
      <Filter>examples\section_02</Filter>
    </ClCompile>
    <ClCompile Include="section_02\operator_basics.cpp">
      <Filter>examples\section_02</Filter>
    </ClCompile>
    <ClCompile Include="section_02\pointer_basics.cpp">
      <Filter>examples\section_02</Filter>
    </ClCompile>
    <ClCompile Include="section_02\lvalue_references.cpp">
      <Filter>examples\section_02</Filter>
    </ClCompile>
    <ClCompile Include="section_02\selection_basics.cpp">
      <Filter>examples\section_02</Filter>
    </ClCompile>
    <ClCompile Include="section_03\class_basics.cpp">
      <Filter>examples\section_03</Filter>
    </ClCompile>
    <ClCompile Include="section_03\class_hierarchies.cpp">
      <Filter>examples\section_03</Filter>
    </ClCompile>
    <ClCompile Include="section_03\structure_basics.cpp">
      <Filter>examples\section_03</Filter>
    </ClCompile>
    <ClCompile Include="section_03\virtual_functions.cpp">
      <Filter>examples\section_03</Filter>
    </ClCompile>
    <ClCompile Include="section_03\operator_overloading.cpp">
      <Filter>examples\section_03</Filter>
    </ClCompile>
    <ClCompile Include="section_02\iteration_basics.cpp">
      <Filter>examples\section_02</Filter>
    </ClCompile>
    <ClCompile Include="section_02\dynamic_arrays.cpp">
      <Filter>examples\section_02</Filter>
    </ClCompile>
    <ClCompile Include="section_03\special_functions.cpp">
      <Filter>examples\section_03</Filter>
    </ClCompile>
    <ClCompile Include="section_03\rvalue_references.cpp">
      <Filter>examples\section_03</Filter>
    </ClCompile>
    <ClCompile Include="section_03\overload_resolution.cpp">
      <Filter>examples\section_03</Filter>
    </ClCompile>
    <ClCompile Include="section_04\function_templates.cpp">
      <Filter>examples\section_04</Filter>
    </ClCompile>
    <ClCompile Include="section_04\class_templates.cpp">
      <Filter>examples\section_04</Filter>
    </ClCompile>
    <ClCompile Include="section_04\special_templates.cpp">
      <Filter>examples\section_04</Filter>
    </ClCompile>
    <ClCompile Include="section_04\variadic_templates.cpp">
      <Filter>examples\section_04</Filter>
    </ClCompile>
    <ClCompile Include="section_18\inline_assembler.cpp">
      <Filter>examples\section_18</Filter>
    </ClCompile>
    <ClCompile Include="section_19\types_deduction.cpp">
      <Filter>examples\section_19</Filter>
    </ClCompile>
    <ClCompile Include="section_09\bitwise_operators.cpp">
      <Filter>examples\section_09</Filter>
    </ClCompile>
    <ClCompile Include="section_05\adapter.cpp">
      <Filter>examples\section_05</Filter>
    </ClCompile>
    <ClCompile Include="section_05\bridge.cpp">
      <Filter>examples\section_05</Filter>
    </ClCompile>
    <ClCompile Include="section_05\builder.cpp">
      <Filter>examples\section_05</Filter>
    </ClCompile>
    <ClCompile Include="section_05\composite.cpp">
      <Filter>examples\section_05</Filter>
    </ClCompile>
    <ClCompile Include="section_05\decorator.cpp">
      <Filter>examples\section_05</Filter>
    </ClCompile>
    <ClCompile Include="section_05\factory.cpp">
      <Filter>examples\section_05</Filter>
    </ClCompile>
    <ClCompile Include="section_05\observer.cpp">
      <Filter>examples\section_05</Filter>
    </ClCompile>
    <ClCompile Include="section_05\polymorphism.cpp">
      <Filter>examples\section_05</Filter>
    </ClCompile>
    <ClCompile Include="section_05\prototype.cpp">
      <Filter>examples\section_05</Filter>
    </ClCompile>
    <ClCompile Include="section_05\singleton.cpp">
      <Filter>examples\section_05</Filter>
    </ClCompile>
    <ClCompile Include="section_05\strategy.cpp">
      <Filter>examples\section_05</Filter>
    </ClCompile>
    <ClCompile Include="section_05\template.cpp">
      <Filter>examples\section_05</Filter>
    </ClCompile>
    <ClCompile Include="section_06\libraries_test.cpp">
      <Filter>examples\section_06</Filter>
    </ClCompile>
    <ClCompile Include="section_06\project_main.cpp">
      <Filter>examples\section_06</Filter>
    </ClCompile>
    <ClCompile Include="section_06\project_module.cpp">
      <Filter>examples\section_06</Filter>
    </ClCompile>
    <ClCompile Include="section_06\project_module.ixx">
      <Filter>examples\section_06</Filter>
    </ClCompile>
    <ClCompile Include="section_06\project_source.cpp">
      <Filter>examples\section_06</Filter>
    </ClCompile>
    <ClCompile Include="section_03\class_optimizations.cpp">
      <Filter>examples\section_03</Filter>
    </ClCompile>
  </ItemGroup>
  <ItemGroup>
    <None Include="section_01\general_overview.pdf">
      <Filter>examples\section_01</Filter>
    </None>
    <None Include="section_03\virtual_tables.drawio">
      <Filter>examples\section_03</Filter>
    </None>
    <None Include="section_06\build_stages.drawio">
      <Filter>examples\section_06</Filter>
    </None>
  </ItemGroup>
  <ItemGroup>
    <Image Include="section_03\virtual_tables.png">
      <Filter>examples\section_03</Filter>
    </Image>
    <Image Include="section_06\build_stages.png">
      <Filter>examples\section_06</Filter>
    </Image>
  </ItemGroup>
  <ItemGroup>
    <ClInclude Include="section_06\project_header.hpp">
      <Filter>examples\section_06</Filter>
    </ClInclude>
  </ItemGroup>
</Project>