<?xml version="1.0" encoding="utf-8"?>
<Project ToolsVersion="4.0" xmlns="http://schemas.microsoft.com/developer/msbuild/2003">
  <ItemGroup>
    <Filter Include="examples">
      <UniqueIdentifier>{4FC737F1-C7A5-4376-A066-2A32D752A2FF}</UniqueIdentifier>
      <Extensions>cpp;c;cc;cxx;c++;cppm;ixx;def;odl;idl;hpj;bat;asm;asmx</Extensions>
    </Filter>
    <Filter Include="examples\section_01">
      <UniqueIdentifier>{1e1d801d-468f-476d-a17f-69b827217d0f}</UniqueIdentifier>
    </Filter>
    <Filter Include="examples\section_02">
      <UniqueIdentifier>{696396e5-7dde-490f-96c0-fc6cc7fe174f}</UniqueIdentifier>
    </Filter>
    <Filter Include="examples\section_03">
      <UniqueIdentifier>{5c4ef79a-d2a8-4eee-acc5-b60a04550280}</UniqueIdentifier>
    </Filter>
    <Filter Include="examples\section_04">
      <UniqueIdentifier>{3ffb0dd6-53b7-4aea-ab51-908d3dc9d8a8}</UniqueIdentifier>
    </Filter>
    <Filter Include="examples\section_05">
      <UniqueIdentifier>{3b43cf1e-2406-447d-b554-eed535a41930}</UniqueIdentifier>
    </Filter>
    <Filter Include="examples\section_XX">
      <UniqueIdentifier>{105f0230-22f7-4436-9d0f-b85a5c0fcddf}</UniqueIdentifier>
    </Filter>
  </ItemGroup>
  <ItemGroup>
    <ClCompile Include="section_01\basic_hello_world.cpp">
      <Filter>examples\section_01</Filter>
    </ClCompile>
    <ClCompile Include="section_01\standard_library.cpp">
      <Filter>examples\section_01</Filter>
    </ClCompile>
    <ClCompile Include="section_01\commercial_main.cpp">
      <Filter>examples\section_01</Filter>
    </ClCompile>
    <ClCompile Include="section_02\static_arrays.cpp">
      <Filter>examples\section_02</Filter>
    </ClCompile>
    <ClCompile Include="section_02\functions_basics.cpp">
      <Filter>examples\section_02</Filter>
    </ClCompile>
    <ClCompile Include="section_02\variables_basics.cpp">
      <Filter>examples\section_02</Filter>
    </ClCompile>
    <ClCompile Include="section_02\operators_basics.cpp">
      <Filter>examples\section_02</Filter>
    </ClCompile>
    <ClCompile Include="section_02\pointers_basics.cpp">
      <Filter>examples\section_02</Filter>
    </ClCompile>
    <ClCompile Include="section_02\lvalue_references.cpp">
      <Filter>examples\section_02</Filter>
    </ClCompile>
    <ClCompile Include="section_02\selections_basics.cpp">
      <Filter>examples\section_02</Filter>
    </ClCompile>
    <ClCompile Include="section_03\classes_basics.cpp">
      <Filter>examples\section_03</Filter>
    </ClCompile>
    <ClCompile Include="section_03\classes_hierarchies.cpp">
      <Filter>examples\section_03</Filter>
    </ClCompile>
    <ClCompile Include="section_03\structures_basics.cpp">
      <Filter>examples\section_03</Filter>
    </ClCompile>
    <ClCompile Include="section_03\virtual_functions.cpp">
      <Filter>examples\section_03</Filter>
    </ClCompile>
    <ClCompile Include="section_03\exceptions_basics.cpp">
      <Filter>examples\section_03</Filter>
    </ClCompile>
    <ClCompile Include="section_03\operators_overloading.cpp">
      <Filter>examples\section_03</Filter>
    </ClCompile>
    <ClCompile Include="section_02\iterations_basics.cpp">
      <Filter>examples\section_02</Filter>
    </ClCompile>
    <ClCompile Include="section_02\dynamic_arrays.cpp">
      <Filter>examples\section_02</Filter>
    </ClCompile>
    <ClCompile Include="section_XX\bitwise_operators.cpp">
      <Filter>examples\section_XX</Filter>
    </ClCompile>
    <ClCompile Include="section_XX\character_types.cpp">
      <Filter>examples\section_XX</Filter>
    </ClCompile>
    <ClCompile Include="section_XX\data_alignment.cpp">
      <Filter>examples\section_XX</Filter>
    </ClCompile>
    <ClCompile Include="section_XX\errors_handling.cpp">
      <Filter>examples\section_XX</Filter>
    </ClCompile>
    <ClCompile Include="section_XX\floating_point_types.cpp">
      <Filter>examples\section_XX</Filter>
    </ClCompile>
    <ClCompile Include="section_XX\integer_types.cpp">
      <Filter>examples\section_XX</Filter>
    </ClCompile>
    <ClCompile Include="section_XX\memory_usage.cpp">
      <Filter>examples\section_XX</Filter>
    </ClCompile>
    <ClCompile Include="section_XX\pointers_void.cpp">
      <Filter>examples\section_XX</Filter>
    </ClCompile>
    <ClCompile Include="section_XX\processor_usage.cpp">
      <Filter>examples\section_XX</Filter>
    </ClCompile>
    <ClCompile Include="section_XX\multiple_inheritance.cpp">
      <Filter>examples\section_XX</Filter>
    </ClCompile>
    <ClCompile Include="section_XX\regular_expressions.cpp">
      <Filter>examples\section_XX</Filter>
    </ClCompile>
    <ClCompile Include="section_XX\strings_variants.cpp">
      <Filter>examples\section_XX</Filter>
    </ClCompile>
    <ClCompile Include="section_XX\reinterpret_cast.cpp">
      <Filter>examples\section_XX</Filter>
    </ClCompile>
    <ClCompile Include="section_XX\classes_friends.cpp">
      <Filter>examples\section_XX</Filter>
    </ClCompile>
    <ClCompile Include="section_XX\multidimensional_arrays.cpp">
      <Filter>examples\section_XX</Filter>
    </ClCompile>
    <ClCompile Include="section_XX\streams_manipulators.cpp">
      <Filter>examples\section_XX</Filter>
    </ClCompile>
    <ClCompile Include="section_XX\heterogeneous_data.cpp">
      <Filter>examples\section_XX</Filter>
    </ClCompile>
    <ClCompile Include="section_XX\smart_pointers.cpp">
      <Filter>examples\section_XX</Filter>
    </ClCompile>
    <ClCompile Include="section_XX\callable_arguments.cpp">
      <Filter>examples\section_XX</Filter>
    </ClCompile>
    <ClCompile Include="section_XX\placement_new.cpp">
      <Filter>examples\section_XX</Filter>
    </ClCompile>
    <ClCompile Include="section_XX\enumerations_basics.cpp">
      <Filter>examples\section_XX</Filter>
    </ClCompile>
  </ItemGroup>
</Project>